
Microsoft Visual Studio Solution File, Format Version 12.00
# Visual Studio 15
VisualStudioVersion = 15.0.28010.2003
MinimumVisualStudioVersion = 10.0.40219.1
Project("{FAE04EC0-301F-11D3-BF4B-00C04F79EFBC}") = "Angular7", "Angular7\Angular7.csproj", "{09BDF473-A4E3-49FE-8551-DC16D6C875CC}"
EndProject
Global
	GlobalSection(SolutionConfigurationPlatforms) = preSolution
		Debug|Any CPU = Debug|Any CPU
		Release|Any CPU = Release|Any CPU
	EndGlobalSection
	GlobalSection(ProjectConfigurationPlatforms) = postSolution
		{09BDF473-A4E3-49FE-8551-DC16D6C875CC}.Debug|Any CPU.ActiveCfg = Debug|Any CPU
		{09BDF473-A4E3-49FE-8551-DC16D6C875CC}.Debug|Any CPU.Build.0 = Debug|Any CPU
		{09BDF473-A4E3-49FE-8551-DC16D6C875CC}.Release|Any CPU.ActiveCfg = Release|Any CPU
		{09BDF473-A4E3-49FE-8551-DC16D6C875CC}.Release|Any CPU.Build.0 = Release|Any CPU
	EndGlobalSection
	GlobalSection(SolutionProperties) = preSolution
		HideSolutionNode = FALSE
	EndGlobalSection
	GlobalSection(ExtensibilityGlobals) = postSolution
		SolutionGuid = {C23AEF22-6BB6-483B-BA0E-EBB6AA9D2952}
	EndGlobalSection
EndGlobal
